
Microsoft Visual Studio Solution File, Format Version 12.00
# Visual Studio Version 17
VisualStudioVersion = 17.0.31903.59
MinimumVisualStudioVersion = 10.0.40219.1
Project("{FAE04EC0-301F-11D3-BF4B-00C04F79EFBC}") = "EmployeeManagement.API", "EmployeeManagement.API\EmployeeManagement.API.csproj", "{5C097B43-E57E-4067-ADBE-A1461F338715}"
EndProject
Project("{FAE04EC0-301F-11D3-BF4B-00C04F79EFBC}") = "EmployeeManagement.Application", "EmployeeManagement.Application\EmployeeManagement.Application.csproj", "{886EAE99-B96C-4916-B9B2-4BD5375B4A4D}"
EndProject
Project("{FAE04EC0-301F-11D3-BF4B-00C04F79EFBC}") = "EmployeeManagement.Domain", "EmployeeManagement.Domain\EmployeeManagement.Domain.csproj", "{D447CB3A-E920-422B-9BB4-54820045A8A1}"
EndProject
Project("{FAE04EC0-301F-11D3-BF4B-00C04F79EFBC}") = "EmployeeManagement.Infrastructure", "EmployeeManagement.Infrastructure\EmployeeManagement.Infrastructure.csproj", "{837A3F0D-F025-4F74-9BFD-4E146A2D48DC}"
EndProject
Global
	GlobalSection(SolutionConfigurationPlatforms) = preSolution
		Debug|Any CPU = Debug|Any CPU
		Release|Any CPU = Release|Any CPU
	EndGlobalSection
	GlobalSection(SolutionProperties) = preSolution
		HideSolutionNode = FALSE
	EndGlobalSection
	GlobalSection(ProjectConfigurationPlatforms) = postSolution
		{5C097B43-E57E-4067-ADBE-A1461F338715}.Debug|Any CPU.ActiveCfg = Debug|Any CPU
		{5C097B43-E57E-4067-ADBE-A1461F338715}.Debug|Any CPU.Build.0 = Debug|Any CPU
		{5C097B43-E57E-4067-ADBE-A1461F338715}.Release|Any CPU.ActiveCfg = Release|Any CPU
		{5C097B43-E57E-4067-ADBE-A1461F338715}.Release|Any CPU.Build.0 = Release|Any CPU
		{886EAE99-B96C-4916-B9B2-4BD5375B4A4D}.Debug|Any CPU.ActiveCfg = Debug|Any CPU
		{886EAE99-B96C-4916-B9B2-4BD5375B4A4D}.Debug|Any CPU.Build.0 = Debug|Any CPU
		{886EAE99-B96C-4916-B9B2-4BD5375B4A4D}.Release|Any CPU.ActiveCfg = Release|Any CPU
		{886EAE99-B96C-4916-B9B2-4BD5375B4A4D}.Release|Any CPU.Build.0 = Release|Any CPU
		{D447CB3A-E920-422B-9BB4-54820045A8A1}.Debug|Any CPU.ActiveCfg = Debug|Any CPU
		{D447CB3A-E920-422B-9BB4-54820045A8A1}.Debug|Any CPU.Build.0 = Debug|Any CPU
		{D447CB3A-E920-422B-9BB4-54820045A8A1}.Release|Any CPU.ActiveCfg = Release|Any CPU
		{D447CB3A-E920-422B-9BB4-54820045A8A1}.Release|Any CPU.Build.0 = Release|Any CPU
		{837A3F0D-F025-4F74-9BFD-4E146A2D48DC}.Debug|Any CPU.ActiveCfg = Debug|Any CPU
		{837A3F0D-F025-4F74-9BFD-4E146A2D48DC}.Debug|Any CPU.Build.0 = Debug|Any CPU
		{837A3F0D-F025-4F74-9BFD-4E146A2D48DC}.Release|Any CPU.ActiveCfg = Release|Any CPU
		{837A3F0D-F025-4F74-9BFD-4E146A2D48DC}.Release|Any CPU.Build.0 = Release|Any CPU
	EndGlobalSection
EndGlobal
